// !$*UTF8*$!
{
	archiveVersion = 1;
	classes = {
	};
	objectVersion = 50;
	objects = {

/* Begin PBXBuildFile section */
		193623AC21AC53F00072FF03 /* LessonsViewController.swift in Sources */ = {isa = PBXBuildFile; fileRef = 193623A821AC53EF0072FF03 /* LessonsViewController.swift */; };
		193623AD21AC53F00072FF03 /* ModelsViewController.swift in Sources */ = {isa = PBXBuildFile; fileRef = 193623AB21AC53EF0072FF03 /* ModelsViewController.swift */; };
		193623AF21AC547C0072FF03 /* DeployViewController.swift in Sources */ = {isa = PBXBuildFile; fileRef = 193623AE21AC547C0072FF03 /* DeployViewController.swift */; };
		2D39958CEE53829D6E66A0F8 /* Pods_build_ml.framework in Frameworks */ = {isa = PBXBuildFile; fileRef = 966F2038B486190B65017186 /* Pods_build_ml.framework */; };
		7B0835E920E30A30005323E0 /* GraphBuilderViewController.swift in Sources */ = {isa = PBXBuildFile; fileRef = 7B0835E820E30A30005323E0 /* GraphBuilderViewController.swift */; };
		7B0835ED20E337EB005323E0 /* MainViewController.swift in Sources */ = {isa = PBXBuildFile; fileRef = 7B0835EC20E337EB005323E0 /* MainViewController.swift */; };
		7B0835EF20E49B04005323E0 /* GraphModel.swift in Sources */ = {isa = PBXBuildFile; fileRef = 7B0835EE20E49B04005323E0 /* GraphModel.swift */; };
		7B0835F120E4A028005323E0 /* Default-568h@2x.png in Resources */ = {isa = PBXBuildFile; fileRef = 7B0835F020E4A028005323E0 /* Default-568h@2x.png */; };
		7B10E33E20ED2228008B5429 /* InputLayerAlertViewController.swift in Sources */ = {isa = PBXBuildFile; fileRef = 7B10E33D20ED2228008B5429 /* InputLayerAlertViewController.swift */; };
		7B49959021AF55EA00F27E91 /* ModelLayerViewControllerProtocol.swift in Sources */ = {isa = PBXBuildFile; fileRef = 7B49958F21AF55EA00F27E91 /* ModelLayerViewControllerProtocol.swift */; };
		7B6DCEE720F41A2B00492042 /* Conv2DAlert.storyboard in Resources */ = {isa = PBXBuildFile; fileRef = 7B6DCEE620F41A2B00492042 /* Conv2DAlert.storyboard */; };
		7B6DCEE920F7EB6500492042 /* Conv2DAlertViewController.swift in Sources */ = {isa = PBXBuildFile; fileRef = 7B6DCEE820F7EB6500492042 /* Conv2DAlertViewController.swift */; };
		7B6DCEEB20F7F7ED00492042 /* DenseAlert.storyboard in Resources */ = {isa = PBXBuildFile; fileRef = 7B6DCEEA20F7F7ED00492042 /* DenseAlert.storyboard */; };
		7B6DCEED20F7F91200492042 /* DenseAlertViewController.swift in Sources */ = {isa = PBXBuildFile; fileRef = 7B6DCEEC20F7F91200492042 /* DenseAlertViewController.swift */; };
		7B7C84DB20E5CC5400DE3251 /* Utils.swift in Sources */ = {isa = PBXBuildFile; fileRef = 7B7C84DA20E5CC5400DE3251 /* Utils.swift */; };
		7B7C84DD20E5DFC600DE3251 /* LayerButton.swift in Sources */ = {isa = PBXBuildFile; fileRef = 7B7C84DC20E5DFC600DE3251 /* LayerButton.swift */; };
		7B7C84DF20E5F1FA00DE3251 /* InputAlert.storyboard in Resources */ = {isa = PBXBuildFile; fileRef = 7B7C84DE20E5F1FA00DE3251 /* InputAlert.storyboard */; };
		7BCA3E2420E181BF00651337 /* AppDelegate.swift in Sources */ = {isa = PBXBuildFile; fileRef = 7BCA3E2320E181BF00651337 /* AppDelegate.swift */; };
		7BCA3E2620E181BF00651337 /* ViewController.swift in Sources */ = {isa = PBXBuildFile; fileRef = 7BCA3E2520E181BF00651337 /* ViewController.swift */; };
		7BCA3E2920E181BF00651337 /* Main.storyboard in Resources */ = {isa = PBXBuildFile; fileRef = 7BCA3E2720E181BF00651337 /* Main.storyboard */; };
		7BCA3E2C20E181BF00651337 /* build_ml.xcdatamodeld in Sources */ = {isa = PBXBuildFile; fileRef = 7BCA3E2A20E181BF00651337 /* build_ml.xcdatamodeld */; };
		7BCA3E2E20E181BF00651337 /* Assets.xcassets in Resources */ = {isa = PBXBuildFile; fileRef = 7BCA3E2D20E181BF00651337 /* Assets.xcassets */; };
		7BCA3E3120E181BF00651337 /* LaunchScreen.storyboard in Resources */ = {isa = PBXBuildFile; fileRef = 7BCA3E2F20E181BF00651337 /* LaunchScreen.storyboard */; };
		BC128245216C2B2100856619 /* LayerTableViewCell.swift in Sources */ = {isa = PBXBuildFile; fileRef = BC128244216C2B2100856619 /* LayerTableViewCell.swift */; };
		BC6D71C52180E70E00E3F817 /* VisionObjectRecognitionViewController.swift in Sources */ = {isa = PBXBuildFile; fileRef = BC6D71C42180E70E00E3F817 /* VisionObjectRecognitionViewController.swift */; };
		BC6D71C72181041200E3F817 /* VisionViewController.swift in Sources */ = {isa = PBXBuildFile; fileRef = BC6D71C62181041200E3F817 /* VisionViewController.swift */; };
		BC918D6B21741782004FACCE /* MenuViewController.swift in Sources */ = {isa = PBXBuildFile; fileRef = BC918D6A21741782004FACCE /* MenuViewController.swift */; };
		BCB1DA7F21813E0D00363F3B /* MNIST.mlmodel in Sources */ = {isa = PBXBuildFile; fileRef = BCB1DA7E21813E0C00363F3B /* MNIST.mlmodel */; };
/* End PBXBuildFile section */

/* Begin PBXContainerItemProxy section */
		BC6D71D02181053400E3F817 /* PBXContainerItemProxy */ = {
			isa = PBXContainerItemProxy;
			containerPortal = BC6D71C82181045800E3F817 /* Pods.xcodeproj */;
			proxyType = 2;
			remoteGlobalIDString = A200663A9320F6CF8CD06B90DC649DED;
			remoteInfo = "Pods-build-ml";
		};
		BC6D71D22181053400E3F817 /* PBXContainerItemProxy */ = {
			isa = PBXContainerItemProxy;
			containerPortal = BC6D71C82181045800E3F817 /* Pods.xcodeproj */;
			proxyType = 2;
			remoteGlobalIDString = D24DB25E84AF7368F7E021466093B935;
			remoteInfo = SnapKit;
		};
/* End PBXContainerItemProxy section */

/* Begin PBXFileReference section */
		193623A821AC53EF0072FF03 /* LessonsViewController.swift */ = {isa = PBXFileReference; fileEncoding = 4; lastKnownFileType = sourcecode.swift; path = LessonsViewController.swift; sourceTree = "<group>"; };
		193623AB21AC53EF0072FF03 /* ModelsViewController.swift */ = {isa = PBXFileReference; fileEncoding = 4; lastKnownFileType = sourcecode.swift; path = ModelsViewController.swift; sourceTree = "<group>"; };
		193623AE21AC547C0072FF03 /* DeployViewController.swift */ = {isa = PBXFileReference; lastKnownFileType = sourcecode.swift; path = DeployViewController.swift; sourceTree = "<group>"; };
		7B0835E820E30A30005323E0 /* GraphBuilderViewController.swift */ = {isa = PBXFileReference; lastKnownFileType = sourcecode.swift; path = GraphBuilderViewController.swift; sourceTree = "<group>"; };
		7B0835EC20E337EB005323E0 /* MainViewController.swift */ = {isa = PBXFileReference; lastKnownFileType = sourcecode.swift; path = MainViewController.swift; sourceTree = "<group>"; };
		7B0835EE20E49B04005323E0 /* GraphModel.swift */ = {isa = PBXFileReference; lastKnownFileType = sourcecode.swift; path = GraphModel.swift; sourceTree = "<group>"; };
		7B0835F020E4A028005323E0 /* Default-568h@2x.png */ = {isa = PBXFileReference; lastKnownFileType = image.png; path = "Default-568h@2x.png"; sourceTree = "<group>"; };
		7B10E33D20ED2228008B5429 /* InputLayerAlertViewController.swift */ = {isa = PBXFileReference; lastKnownFileType = sourcecode.swift; path = InputLayerAlertViewController.swift; sourceTree = "<group>"; };
		7B49958F21AF55EA00F27E91 /* ModelLayerViewControllerProtocol.swift */ = {isa = PBXFileReference; lastKnownFileType = sourcecode.swift; path = ModelLayerViewControllerProtocol.swift; sourceTree = "<group>"; };
		7B6DCEE620F41A2B00492042 /* Conv2DAlert.storyboard */ = {isa = PBXFileReference; lastKnownFileType = file.storyboard; path = Conv2DAlert.storyboard; sourceTree = "<group>"; };
		7B6DCEE820F7EB6500492042 /* Conv2DAlertViewController.swift */ = {isa = PBXFileReference; lastKnownFileType = sourcecode.swift; path = Conv2DAlertViewController.swift; sourceTree = "<group>"; };
		7B6DCEEA20F7F7ED00492042 /* DenseAlert.storyboard */ = {isa = PBXFileReference; lastKnownFileType = file.storyboard; path = DenseAlert.storyboard; sourceTree = "<group>"; };
		7B6DCEEC20F7F91200492042 /* DenseAlertViewController.swift */ = {isa = PBXFileReference; lastKnownFileType = sourcecode.swift; path = DenseAlertViewController.swift; sourceTree = "<group>"; };
		7B7C84DA20E5CC5400DE3251 /* Utils.swift */ = {isa = PBXFileReference; lastKnownFileType = sourcecode.swift; path = Utils.swift; sourceTree = "<group>"; };
		7B7C84DC20E5DFC600DE3251 /* LayerButton.swift */ = {isa = PBXFileReference; lastKnownFileType = sourcecode.swift; path = LayerButton.swift; sourceTree = "<group>"; };
		7B7C84DE20E5F1FA00DE3251 /* InputAlert.storyboard */ = {isa = PBXFileReference; lastKnownFileType = file.storyboard; path = InputAlert.storyboard; sourceTree = "<group>"; };
		7BCA3E2020E181BF00651337 /* build-ml.app */ = {isa = PBXFileReference; explicitFileType = wrapper.application; includeInIndex = 0; path = "build-ml.app"; sourceTree = BUILT_PRODUCTS_DIR; };
		7BCA3E2320E181BF00651337 /* AppDelegate.swift */ = {isa = PBXFileReference; lastKnownFileType = sourcecode.swift; path = AppDelegate.swift; sourceTree = "<group>"; };
		7BCA3E2520E181BF00651337 /* ViewController.swift */ = {isa = PBXFileReference; lastKnownFileType = sourcecode.swift; path = ViewController.swift; sourceTree = "<group>"; };
		7BCA3E2820E181BF00651337 /* Base */ = {isa = PBXFileReference; lastKnownFileType = file.storyboard; name = Base; path = Base.lproj/Main.storyboard; sourceTree = "<group>"; };
		7BCA3E2B20E181BF00651337 /* build_ml.xcdatamodel */ = {isa = PBXFileReference; lastKnownFileType = wrapper.xcdatamodel; path = build_ml.xcdatamodel; sourceTree = "<group>"; };
		7BCA3E2D20E181BF00651337 /* Assets.xcassets */ = {isa = PBXFileReference; lastKnownFileType = folder.assetcatalog; path = Assets.xcassets; sourceTree = "<group>"; };
		7BCA3E3020E181BF00651337 /* Base */ = {isa = PBXFileReference; lastKnownFileType = file.storyboard; name = Base; path = Base.lproj/LaunchScreen.storyboard; sourceTree = "<group>"; };
		7BCA3E3220E181BF00651337 /* Info.plist */ = {isa = PBXFileReference; lastKnownFileType = text.plist.xml; path = Info.plist; sourceTree = "<group>"; };
		88F5967C7A9E6B3BEEDE2E24 /* Pods-build-ml.release.xcconfig */ = {isa = PBXFileReference; includeInIndex = 1; lastKnownFileType = text.xcconfig; name = "Pods-build-ml.release.xcconfig"; path = "Pods/Target Support Files/Pods-build-ml/Pods-build-ml.release.xcconfig"; sourceTree = "<group>"; };
		8BDCAF1B49F17803EC4215A2 /* Pods-build-ml.debug.xcconfig */ = {isa = PBXFileReference; includeInIndex = 1; lastKnownFileType = text.xcconfig; name = "Pods-build-ml.debug.xcconfig"; path = "Pods/Target Support Files/Pods-build-ml/Pods-build-ml.debug.xcconfig"; sourceTree = "<group>"; };
		966F2038B486190B65017186 /* Pods_build_ml.framework */ = {isa = PBXFileReference; explicitFileType = wrapper.framework; includeInIndex = 0; path = Pods_build_ml.framework; sourceTree = BUILT_PRODUCTS_DIR; };
		BC128244216C2B2100856619 /* LayerTableViewCell.swift */ = {isa = PBXFileReference; fileEncoding = 4; lastKnownFileType = sourcecode.swift; path = LayerTableViewCell.swift; sourceTree = "<group>"; };
		BC6D71C42180E70E00E3F817 /* VisionObjectRecognitionViewController.swift */ = {isa = PBXFileReference; fileEncoding = 4; lastKnownFileType = sourcecode.swift; path = VisionObjectRecognitionViewController.swift; sourceTree = "<group>"; };
		BC6D71C62181041200E3F817 /* VisionViewController.swift */ = {isa = PBXFileReference; fileEncoding = 4; lastKnownFileType = sourcecode.swift; path = VisionViewController.swift; sourceTree = "<group>"; };
		BC6D71C82181045800E3F817 /* Pods.xcodeproj */ = {isa = PBXFileReference; lastKnownFileType = "wrapper.pb-project"; name = Pods.xcodeproj; path = Pods/Pods.xcodeproj; sourceTree = "<group>"; };
		BC918D6A21741782004FACCE /* MenuViewController.swift */ = {isa = PBXFileReference; lastKnownFileType = sourcecode.swift; name = MenuViewController.swift; path = ../MenuViewController.swift; sourceTree = "<group>"; };
		BCB1DA7E21813E0C00363F3B /* MNIST.mlmodel */ = {isa = PBXFileReference; lastKnownFileType = file.mlmodel; path = MNIST.mlmodel; sourceTree = "<group>"; };
/* End PBXFileReference section */

/* Begin PBXFrameworksBuildPhase section */
		7BCA3E1D20E181BF00651337 /* Frameworks */ = {
			isa = PBXFrameworksBuildPhase;
			buildActionMask = 2147483647;
			files = (
				2D39958CEE53829D6E66A0F8 /* Pods_build_ml.framework in Frameworks */,
			);
			runOnlyForDeploymentPostprocessing = 0;
		};
/* End PBXFrameworksBuildPhase section */

/* Begin PBXGroup section */
		19E993FD21A3EF7800D01E19 /* MLModels */ = {
			isa = PBXGroup;
			children = (
				BCB1DA7E21813E0C00363F3B /* MNIST.mlmodel */,
			);
			path = MLModels;
			sourceTree = "<group>";
		};
		1E22700D33D9EE54389CC455 /* Frameworks */ = {
			isa = PBXGroup;
			children = (
				966F2038B486190B65017186 /* Pods_build_ml.framework */,
				BC6D71C82181045800E3F817 /* Pods.xcodeproj */,
			);
			name = Frameworks;
			sourceTree = "<group>";
		};
		5FF12FAD9673D4662F27534B /* Pods */ = {
			isa = PBXGroup;
			children = (
				8BDCAF1B49F17803EC4215A2 /* Pods-build-ml.debug.xcconfig */,
				88F5967C7A9E6B3BEEDE2E24 /* Pods-build-ml.release.xcconfig */,
			);
			name = Pods;
			sourceTree = "<group>";
		};
		7B15004F20F95E3F00E70861 /* AlertControllers */ = {
			isa = PBXGroup;
			children = (
				7B7C84DE20E5F1FA00DE3251 /* InputAlert.storyboard */,
				7B49958F21AF55EA00F27E91 /* ModelLayerViewControllerProtocol.swift */,
				7B6DCEE620F41A2B00492042 /* Conv2DAlert.storyboard */,
				7B6DCEEA20F7F7ED00492042 /* DenseAlert.storyboard */,
				7B6DCEE820F7EB6500492042 /* Conv2DAlertViewController.swift */,
				7B6DCEEC20F7F91200492042 /* DenseAlertViewController.swift */,
				7B10E33D20ED2228008B5429 /* InputLayerAlertViewController.swift */,
			);
			path = AlertControllers;
			sourceTree = "<group>";
		};
		7BCA3E1720E181BF00651337 = {
			isa = PBXGroup;
			children = (
				7B0835F020E4A028005323E0 /* Default-568h@2x.png */,
				7BCA3E2220E181BF00651337 /* build-ml */,
				7BCA3E2120E181BF00651337 /* Products */,
				5FF12FAD9673D4662F27534B /* Pods */,
				1E22700D33D9EE54389CC455 /* Frameworks */,
			);
			sourceTree = "<group>";
		};
		7BCA3E2120E181BF00651337 /* Products */ = {
			isa = PBXGroup;
			children = (
				7BCA3E2020E181BF00651337 /* build-ml.app */,
			);
			name = Products;
			sourceTree = "<group>";
		};
		7BCA3E2220E181BF00651337 /* build-ml */ = {
			isa = PBXGroup;
			children = (
				193623A821AC53EF0072FF03 /* LessonsViewController.swift */,
				193623AB21AC53EF0072FF03 /* ModelsViewController.swift */,
				19E993FD21A3EF7800D01E19 /* MLModels */,
				BC128244216C2B2100856619 /* LayerTableViewCell.swift */,
				7B15004F20F95E3F00E70861 /* AlertControllers */,
				7BCA3E2320E181BF00651337 /* AppDelegate.swift */,
				BC6D71C42180E70E00E3F817 /* VisionObjectRecognitionViewController.swift */,
				BC6D71C62181041200E3F817 /* VisionViewController.swift */,
				7B7C84DA20E5CC5400DE3251 /* Utils.swift */,
				BC918D6A21741782004FACCE /* MenuViewController.swift */,
				7B0835EC20E337EB005323E0 /* MainViewController.swift */,
				7BCA3E2520E181BF00651337 /* ViewController.swift */,
				7B0835EE20E49B04005323E0 /* GraphModel.swift */,
				7B7C84DC20E5DFC600DE3251 /* LayerButton.swift */,
				7B0835E820E30A30005323E0 /* GraphBuilderViewController.swift */,
				7BCA3E2720E181BF00651337 /* Main.storyboard */,
				7BCA3E2D20E181BF00651337 /* Assets.xcassets */,
				7BCA3E2F20E181BF00651337 /* LaunchScreen.storyboard */,
				7BCA3E3220E181BF00651337 /* Info.plist */,
				7BCA3E2A20E181BF00651337 /* build_ml.xcdatamodeld */,
				193623AE21AC547C0072FF03 /* DeployViewController.swift */,
			);
			path = "build-ml";
			sourceTree = "<group>";
		};
		BC6D71C92181045800E3F817 /* Products */ = {
			isa = PBXGroup;
			children = (
				BC6D71D12181053400E3F817 /* Pods_build_ml.framework */,
				BC6D71D32181053400E3F817 /* SnapKit.framework */,
			);
			name = Products;
			sourceTree = "<group>";
		};
/* End PBXGroup section */

/* Begin PBXNativeTarget section */
		7BCA3E1F20E181BF00651337 /* build-ml */ = {
			isa = PBXNativeTarget;
			buildConfigurationList = 7BCA3E3520E181BF00651337 /* Build configuration list for PBXNativeTarget "build-ml" */;
			buildPhases = (
				C2A713BE0A9476E2EF62E0D9 /* [CP] Check Pods Manifest.lock */,
				7BCA3E1C20E181BF00651337 /* Sources */,
				7BCA3E1D20E181BF00651337 /* Frameworks */,
				7BCA3E1E20E181BF00651337 /* Resources */,
				C7F6CE8BBB9DF2672D1AF583 /* [CP] Embed Pods Frameworks */,
			);
			buildRules = (
			);
			dependencies = (
			);
			name = "build-ml";
			productName = "build-ml";
			productReference = 7BCA3E2020E181BF00651337 /* build-ml.app */;
			productType = "com.apple.product-type.application";
		};
/* End PBXNativeTarget section */

/* Begin PBXProject section */
		7BCA3E1820E181BF00651337 /* Project object */ = {
			isa = PBXProject;
			attributes = {
				LastSwiftUpdateCheck = 0940;
				LastUpgradeCheck = 0940;
				ORGANIZATIONNAME = "Noah Gundotra";
				TargetAttributes = {
					7BCA3E1F20E181BF00651337 = {
						CreatedOnToolsVersion = 9.4.1;
					};
				};
			};
			buildConfigurationList = 7BCA3E1B20E181BF00651337 /* Build configuration list for PBXProject "build-ml" */;
			compatibilityVersion = "Xcode 9.3";
			developmentRegion = en;
			hasScannedForEncodings = 0;
			knownRegions = (
				en,
				Base,
			);
			mainGroup = 7BCA3E1720E181BF00651337;
			productRefGroup = 7BCA3E2120E181BF00651337 /* Products */;
			projectDirPath = "";
			projectReferences = (
				{
					ProductGroup = BC6D71C92181045800E3F817 /* Products */;
					ProjectRef = BC6D71C82181045800E3F817 /* Pods.xcodeproj */;
				},
			);
			projectRoot = "";
			targets = (
				7BCA3E1F20E181BF00651337 /* build-ml */,
			);
		};
/* End PBXProject section */

/* Begin PBXReferenceProxy section */
		BC6D71D12181053400E3F817 /* Pods_build_ml.framework */ = {
			isa = PBXReferenceProxy;
			fileType = wrapper.framework;
			path = Pods_build_ml.framework;
			remoteRef = BC6D71D02181053400E3F817 /* PBXContainerItemProxy */;
			sourceTree = BUILT_PRODUCTS_DIR;
		};
		BC6D71D32181053400E3F817 /* SnapKit.framework */ = {
			isa = PBXReferenceProxy;
			fileType = wrapper.framework;
			path = SnapKit.framework;
			remoteRef = BC6D71D22181053400E3F817 /* PBXContainerItemProxy */;
			sourceTree = BUILT_PRODUCTS_DIR;
		};
/* End PBXReferenceProxy section */

/* Begin PBXResourcesBuildPhase section */
		7BCA3E1E20E181BF00651337 /* Resources */ = {
			isa = PBXResourcesBuildPhase;
			buildActionMask = 2147483647;
			files = (
				7B6DCEEB20F7F7ED00492042 /* DenseAlert.storyboard in Resources */,
				7B7C84DF20E5F1FA00DE3251 /* InputAlert.storyboard in Resources */,
				7B6DCEE720F41A2B00492042 /* Conv2DAlert.storyboard in Resources */,
				7BCA3E3120E181BF00651337 /* LaunchScreen.storyboard in Resources */,
				7B0835F120E4A028005323E0 /* Default-568h@2x.png in Resources */,
				7BCA3E2E20E181BF00651337 /* Assets.xcassets in Resources */,
				7BCA3E2920E181BF00651337 /* Main.storyboard in Resources */,
			);
			runOnlyForDeploymentPostprocessing = 0;
		};
/* End PBXResourcesBuildPhase section */

/* Begin PBXShellScriptBuildPhase section */
		C2A713BE0A9476E2EF62E0D9 /* [CP] Check Pods Manifest.lock */ = {
			isa = PBXShellScriptBuildPhase;
			buildActionMask = 2147483647;
			files = (
			);
			inputPaths = (
				"${PODS_PODFILE_DIR_PATH}/Podfile.lock",
				"${PODS_ROOT}/Manifest.lock",
			);
			name = "[CP] Check Pods Manifest.lock";
			outputPaths = (
				"$(DERIVED_FILE_DIR)/Pods-build-ml-checkManifestLockResult.txt",
			);
			runOnlyForDeploymentPostprocessing = 0;
			shellPath = /bin/sh;
			shellScript = "diff \"${PODS_PODFILE_DIR_PATH}/Podfile.lock\" \"${PODS_ROOT}/Manifest.lock\" > /dev/null\nif [ $? != 0 ] ; then\n    # print error to STDERR\n    echo \"error: The sandbox is not in sync with the Podfile.lock. Run 'pod install' or update your CocoaPods installation.\" >&2\n    exit 1\nfi\n# This output is used by Xcode 'outputs' to avoid re-running this script phase.\necho \"SUCCESS\" > \"${SCRIPT_OUTPUT_FILE_0}\"\n";
			showEnvVarsInLog = 0;
		};
		C7F6CE8BBB9DF2672D1AF583 /* [CP] Embed Pods Frameworks */ = {
			isa = PBXShellScriptBuildPhase;
			buildActionMask = 2147483647;
			files = (
			);
			inputPaths = (
				"${SRCROOT}/Pods/Target Support Files/Pods-build-ml/Pods-build-ml-frameworks.sh",
				"${BUILT_PRODUCTS_DIR}/SnapKit/SnapKit.framework",
			);
			name = "[CP] Embed Pods Frameworks";
			outputPaths = (
				"${TARGET_BUILD_DIR}/${FRAMEWORKS_FOLDER_PATH}/SnapKit.framework",
			);
			runOnlyForDeploymentPostprocessing = 0;
			shellPath = /bin/sh;
			shellScript = "\"${SRCROOT}/Pods/Target Support Files/Pods-build-ml/Pods-build-ml-frameworks.sh\"\n";
			showEnvVarsInLog = 0;
		};
/* End PBXShellScriptBuildPhase section */

/* Begin PBXSourcesBuildPhase section */
		7BCA3E1C20E181BF00651337 /* Sources */ = {
			isa = PBXSourcesBuildPhase;
			buildActionMask = 2147483647;
			files = (
				BCB1DA7F21813E0D00363F3B /* MNIST.mlmodel in Sources */,
				7B0835ED20E337EB005323E0 /* MainViewController.swift in Sources */,
				193623AD21AC53F00072FF03 /* ModelsViewController.swift in Sources */,
				7B6DCEE920F7EB6500492042 /* Conv2DAlertViewController.swift in Sources */,
				193623AC21AC53F00072FF03 /* LessonsViewController.swift in Sources */,
				7BCA3E2620E181BF00651337 /* ViewController.swift in Sources */,
				193623AF21AC547C0072FF03 /* DeployViewController.swift in Sources */,
				7BCA3E2C20E181BF00651337 /* build_ml.xcdatamodeld in Sources */,
				7B49959021AF55EA00F27E91 /* ModelLayerViewControllerProtocol.swift in Sources */,
				7B7C84DD20E5DFC600DE3251 /* LayerButton.swift in Sources */,
				7BCA3E2420E181BF00651337 /* AppDelegate.swift in Sources */,
				7B0835E920E30A30005323E0 /* GraphBuilderViewController.swift in Sources */,
				BC918D6B21741782004FACCE /* MenuViewController.swift in Sources */,
				7B6DCEED20F7F91200492042 /* DenseAlertViewController.swift in Sources */,
				7B0835EF20E49B04005323E0 /* GraphModel.swift in Sources */,
				7B10E33E20ED2228008B5429 /* InputLayerAlertViewController.swift in Sources */,
				BC128245216C2B2100856619 /* LayerTableViewCell.swift in Sources */,
				BC6D71C72181041200E3F817 /* VisionViewController.swift in Sources */,
				BC6D71C52180E70E00E3F817 /* VisionObjectRecognitionViewController.swift in Sources */,
				7B7C84DB20E5CC5400DE3251 /* Utils.swift in Sources */,
			);
			runOnlyForDeploymentPostprocessing = 0;
		};
/* End PBXSourcesBuildPhase section */

/* Begin PBXVariantGroup section */
		7BCA3E2720E181BF00651337 /* Main.storyboard */ = {
			isa = PBXVariantGroup;
			children = (
				7BCA3E2820E181BF00651337 /* Base */,
			);
			name = Main.storyboard;
			sourceTree = "<group>";
		};
		7BCA3E2F20E181BF00651337 /* LaunchScreen.storyboard */ = {
			isa = PBXVariantGroup;
			children = (
				7BCA3E3020E181BF00651337 /* Base */,
			);
			name = LaunchScreen.storyboard;
			sourceTree = "<group>";
		};
/* End PBXVariantGroup section */

/* Begin XCBuildConfiguration section */
		7BCA3E3320E181BF00651337 /* Debug */ = {
			isa = XCBuildConfiguration;
			buildSettings = {
				ALWAYS_SEARCH_USER_PATHS = NO;
				CLANG_ANALYZER_NONNULL = YES;
				CLANG_ANALYZER_NUMBER_OBJECT_CONVERSION = YES_AGGRESSIVE;
				CLANG_CXX_LANGUAGE_STANDARD = "gnu++14";
				CLANG_CXX_LIBRARY = "libc++";
				CLANG_ENABLE_MODULES = YES;
				CLANG_ENABLE_OBJC_ARC = YES;
				CLANG_ENABLE_OBJC_WEAK = YES;
				CLANG_WARN_BLOCK_CAPTURE_AUTORELEASING = YES;
				CLANG_WARN_BOOL_CONVERSION = YES;
				CLANG_WARN_COMMA = YES;
				CLANG_WARN_CONSTANT_CONVERSION = YES;
				CLANG_WARN_DEPRECATED_OBJC_IMPLEMENTATIONS = YES;
				CLANG_WARN_DIRECT_OBJC_ISA_USAGE = YES_ERROR;
				CLANG_WARN_DOCUMENTATION_COMMENTS = YES;
				CLANG_WARN_EMPTY_BODY = YES;
				CLANG_WARN_ENUM_CONVERSION = YES;
				CLANG_WARN_INFINITE_RECURSION = YES;
				CLANG_WARN_INT_CONVERSION = YES;
				CLANG_WARN_NON_LITERAL_NULL_CONVERSION = YES;
				CLANG_WARN_OBJC_IMPLICIT_RETAIN_SELF = YES;
				CLANG_WARN_OBJC_LITERAL_CONVERSION = YES;
				CLANG_WARN_OBJC_ROOT_CLASS = YES_ERROR;
				CLANG_WARN_RANGE_LOOP_ANALYSIS = YES;
				CLANG_WARN_STRICT_PROTOTYPES = YES;
				CLANG_WARN_SUSPICIOUS_MOVE = YES;
				CLANG_WARN_UNGUARDED_AVAILABILITY = YES_AGGRESSIVE;
				CLANG_WARN_UNREACHABLE_CODE = YES;
				CLANG_WARN__DUPLICATE_METHOD_MATCH = YES;
				CODE_SIGN_IDENTITY = "iPhone Developer";
				COPY_PHASE_STRIP = NO;
				DEBUG_INFORMATION_FORMAT = dwarf;
				ENABLE_STRICT_OBJC_MSGSEND = YES;
				ENABLE_TESTABILITY = YES;
				GCC_C_LANGUAGE_STANDARD = gnu11;
				GCC_DYNAMIC_NO_PIC = NO;
				GCC_NO_COMMON_BLOCKS = YES;
				GCC_OPTIMIZATION_LEVEL = 0;
				GCC_PREPROCESSOR_DEFINITIONS = (
					"DEBUG=1",
					"$(inherited)",
				);
				GCC_WARN_64_TO_32_BIT_CONVERSION = YES;
				GCC_WARN_ABOUT_RETURN_TYPE = YES_ERROR;
				GCC_WARN_UNDECLARED_SELECTOR = YES;
				GCC_WARN_UNINITIALIZED_AUTOS = YES_AGGRESSIVE;
				GCC_WARN_UNUSED_FUNCTION = YES;
				GCC_WARN_UNUSED_VARIABLE = YES;
				IPHONEOS_DEPLOYMENT_TARGET = 11.4;
				MTL_ENABLE_DEBUG_INFO = YES;
				ONLY_ACTIVE_ARCH = YES;
				SDKROOT = iphoneos;
				SWIFT_ACTIVE_COMPILATION_CONDITIONS = DEBUG;
				SWIFT_OPTIMIZATION_LEVEL = "-Onone";
			};
			name = Debug;
		};
		7BCA3E3420E181BF00651337 /* Release */ = {
			isa = XCBuildConfiguration;
			buildSettings = {
				ALWAYS_SEARCH_USER_PATHS = NO;
				CLANG_ANALYZER_NONNULL = YES;
				CLANG_ANALYZER_NUMBER_OBJECT_CONVERSION = YES_AGGRESSIVE;
				CLANG_CXX_LANGUAGE_STANDARD = "gnu++14";
				CLANG_CXX_LIBRARY = "libc++";
				CLANG_ENABLE_MODULES = YES;
				CLANG_ENABLE_OBJC_ARC = YES;
				CLANG_ENABLE_OBJC_WEAK = YES;
				CLANG_WARN_BLOCK_CAPTURE_AUTORELEASING = YES;
				CLANG_WARN_BOOL_CONVERSION = YES;
				CLANG_WARN_COMMA = YES;
				CLANG_WARN_CONSTANT_CONVERSION = YES;
				CLANG_WARN_DEPRECATED_OBJC_IMPLEMENTATIONS = YES;
				CLANG_WARN_DIRECT_OBJC_ISA_USAGE = YES_ERROR;
				CLANG_WARN_DOCUMENTATION_COMMENTS = YES;
				CLANG_WARN_EMPTY_BODY = YES;
				CLANG_WARN_ENUM_CONVERSION = YES;
				CLANG_WARN_INFINITE_RECURSION = YES;
				CLANG_WARN_INT_CONVERSION = YES;
				CLANG_WARN_NON_LITERAL_NULL_CONVERSION = YES;
				CLANG_WARN_OBJC_IMPLICIT_RETAIN_SELF = YES;
				CLANG_WARN_OBJC_LITERAL_CONVERSION = YES;
				CLANG_WARN_OBJC_ROOT_CLASS = YES_ERROR;
				CLANG_WARN_RANGE_LOOP_ANALYSIS = YES;
				CLANG_WARN_STRICT_PROTOTYPES = YES;
				CLANG_WARN_SUSPICIOUS_MOVE = YES;
				CLANG_WARN_UNGUARDED_AVAILABILITY = YES_AGGRESSIVE;
				CLANG_WARN_UNREACHABLE_CODE = YES;
				CLANG_WARN__DUPLICATE_METHOD_MATCH = YES;
				CODE_SIGN_IDENTITY = "iPhone Developer";
				COPY_PHASE_STRIP = NO;
				DEBUG_INFORMATION_FORMAT = "dwarf-with-dsym";
				ENABLE_NS_ASSERTIONS = NO;
				ENABLE_STRICT_OBJC_MSGSEND = YES;
				GCC_C_LANGUAGE_STANDARD = gnu11;
				GCC_NO_COMMON_BLOCKS = YES;
				GCC_WARN_64_TO_32_BIT_CONVERSION = YES;
				GCC_WARN_ABOUT_RETURN_TYPE = YES_ERROR;
				GCC_WARN_UNDECLARED_SELECTOR = YES;
				GCC_WARN_UNINITIALIZED_AUTOS = YES_AGGRESSIVE;
				GCC_WARN_UNUSED_FUNCTION = YES;
				GCC_WARN_UNUSED_VARIABLE = YES;
				IPHONEOS_DEPLOYMENT_TARGET = 11.4;
				MTL_ENABLE_DEBUG_INFO = NO;
				SDKROOT = iphoneos;
				SWIFT_COMPILATION_MODE = wholemodule;
				SWIFT_OPTIMIZATION_LEVEL = "-O";
				VALIDATE_PRODUCT = YES;
			};
			name = Release;
		};
		7BCA3E3620E181BF00651337 /* Debug */ = {
			isa = XCBuildConfiguration;
			baseConfigurationReference = 8BDCAF1B49F17803EC4215A2 /* Pods-build-ml.debug.xcconfig */;
			buildSettings = {
				ASSETCATALOG_COMPILER_APPICON_NAME = AppIcon;
				CODE_SIGN_STYLE = Automatic;
				DEVELOPMENT_TEAM = G697A8LYBM;
				INFOPLIST_FILE = "build-ml/Info.plist";
				IPHONEOS_DEPLOYMENT_TARGET = 11.0;
				LD_RUNPATH_SEARCH_PATHS = (
					"$(inherited)",
					"@executable_path/Frameworks",
				);
				PRODUCT_BUNDLE_IDENTIFIER = "com.ngundotra.build-ml-419";
				PRODUCT_NAME = "$(TARGET_NAME)";
				SWIFT_VERSION = 4.0;
				TARGETED_DEVICE_FAMILY = "1,2";
			};
			name = Debug;
		};
		7BCA3E3720E181BF00651337 /* Release */ = {
			isa = XCBuildConfiguration;
			baseConfigurationReference = 88F5967C7A9E6B3BEEDE2E24 /* Pods-build-ml.release.xcconfig */;
			buildSettings = {
				ASSETCATALOG_COMPILER_APPICON_NAME = AppIcon;
				CODE_SIGN_STYLE = Automatic;
				DEVELOPMENT_TEAM = G697A8LYBM;
				INFOPLIST_FILE = "build-ml/Info.plist";
				IPHONEOS_DEPLOYMENT_TARGET = 11.0;
				LD_RUNPATH_SEARCH_PATHS = (
					"$(inherited)",
					"@executable_path/Frameworks",
				);
				PRODUCT_BUNDLE_IDENTIFIER = "com.ngundotra.build-ml-419";
				PRODUCT_NAME = "$(TARGET_NAME)";
				SWIFT_VERSION = 4.0;
				TARGETED_DEVICE_FAMILY = "1,2";
			};
			name = Release;
		};
/* End XCBuildConfiguration section */

/* Begin XCConfigurationList section */
		7BCA3E1B20E181BF00651337 /* Build configuration list for PBXProject "build-ml" */ = {
			isa = XCConfigurationList;
			buildConfigurations = (
				7BCA3E3320E181BF00651337 /* Debug */,
				7BCA3E3420E181BF00651337 /* Release */,
			);
			defaultConfigurationIsVisible = 0;
			defaultConfigurationName = Release;
		};
		7BCA3E3520E181BF00651337 /* Build configuration list for PBXNativeTarget "build-ml" */ = {
			isa = XCConfigurationList;
			buildConfigurations = (
				7BCA3E3620E181BF00651337 /* Debug */,
				7BCA3E3720E181BF00651337 /* Release */,
			);
			defaultConfigurationIsVisible = 0;
			defaultConfigurationName = Release;
		};
/* End XCConfigurationList section */

/* Begin XCVersionGroup section */
		7BCA3E2A20E181BF00651337 /* build_ml.xcdatamodeld */ = {
			isa = XCVersionGroup;
			children = (
				7BCA3E2B20E181BF00651337 /* build_ml.xcdatamodel */,
			);
			currentVersion = 7BCA3E2B20E181BF00651337 /* build_ml.xcdatamodel */;
			path = build_ml.xcdatamodeld;
			sourceTree = "<group>";
			versionGroupType = wrapper.xcdatamodel;
		};
/* End XCVersionGroup section */
	};
	rootObject = 7BCA3E1820E181BF00651337 /* Project object */;
}
